// !$*UTF8*$!
{
	archiveVersion = 1;
	classes = {
	};
	objectVersion = 46;
	objects = {

/* Begin PBXBuildFile section */
		148D3C53AB174655B1076885 /* libPods.a in Frameworks */ = {isa = PBXBuildFile; fileRef = 668DE813480F465EB13A564B /* libPods.a */; };
		CCA67E2018E1DE9E00C0D204 /* Foundation.framework in Frameworks */ = {isa = PBXBuildFile; fileRef = CCA67E1F18E1DE9E00C0D204 /* Foundation.framework */; };
		CCA67E2218E1DE9E00C0D204 /* CoreGraphics.framework in Frameworks */ = {isa = PBXBuildFile; fileRef = CCA67E2118E1DE9E00C0D204 /* CoreGraphics.framework */; };
		CCA67E2418E1DE9E00C0D204 /* UIKit.framework in Frameworks */ = {isa = PBXBuildFile; fileRef = CCA67E2318E1DE9E00C0D204 /* UIKit.framework */; };
		CCA67E2618E1DE9E00C0D204 /* CoreData.framework in Frameworks */ = {isa = PBXBuildFile; fileRef = CCA67E2518E1DE9E00C0D204 /* CoreData.framework */; };
		CCA67E2C18E1DE9E00C0D204 /* InfoPlist.strings in Resources */ = {isa = PBXBuildFile; fileRef = CCA67E2A18E1DE9E00C0D204 /* InfoPlist.strings */; };
		CCA67E2E18E1DE9E00C0D204 /* main.m in Sources */ = {isa = PBXBuildFile; fileRef = CCA67E2D18E1DE9E00C0D204 /* main.m */; };
		CCA67E3218E1DE9E00C0D204 /* AppDelegate.m in Sources */ = {isa = PBXBuildFile; fileRef = CCA67E3118E1DE9E00C0D204 /* AppDelegate.m */; };
		CCA67E3518E1DE9E00C0D204 /* PickYourClothes.xcdatamodeld in Sources */ = {isa = PBXBuildFile; fileRef = CCA67E3318E1DE9E00C0D204 /* PickYourClothes.xcdatamodeld */; };
		CCA67E3718E1DE9E00C0D204 /* Images.xcassets in Resources */ = {isa = PBXBuildFile; fileRef = CCA67E3618E1DE9E00C0D204 /* Images.xcassets */; };
		CCA67E3E18E1DE9E00C0D204 /* XCTest.framework in Frameworks */ = {isa = PBXBuildFile; fileRef = CCA67E3D18E1DE9E00C0D204 /* XCTest.framework */; };
		CCA67E3F18E1DE9E00C0D204 /* Foundation.framework in Frameworks */ = {isa = PBXBuildFile; fileRef = CCA67E1F18E1DE9E00C0D204 /* Foundation.framework */; };
		CCA67E4018E1DE9E00C0D204 /* UIKit.framework in Frameworks */ = {isa = PBXBuildFile; fileRef = CCA67E2318E1DE9E00C0D204 /* UIKit.framework */; };
		CCA67E4118E1DE9E00C0D204 /* CoreData.framework in Frameworks */ = {isa = PBXBuildFile; fileRef = CCA67E2518E1DE9E00C0D204 /* CoreData.framework */; };
		CCA67E4918E1DE9E00C0D204 /* InfoPlist.strings in Resources */ = {isa = PBXBuildFile; fileRef = CCA67E4718E1DE9E00C0D204 /* InfoPlist.strings */; };
		CCA67E4B18E1DE9E00C0D204 /* PickYourClothesTests.m in Sources */ = {isa = PBXBuildFile; fileRef = CCA67E4A18E1DE9E00C0D204 /* PickYourClothesTests.m */; };
		CCA67E6118E1DF0500C0D204 /* WXCondition.m in Sources */ = {isa = PBXBuildFile; fileRef = CCA67E5818E1DF0500C0D204 /* WXCondition.m */; };
		CCA67E6218E1DF0500C0D204 /* WXController.m in Sources */ = {isa = PBXBuildFile; fileRef = CCA67E5A18E1DF0500C0D204 /* WXController.m */; };
		CCA67E6318E1DF0500C0D204 /* WXManager.m in Sources */ = {isa = PBXBuildFile; fileRef = CCA67E5C18E1DF0500C0D204 /* WXManager.m */; };
		CCA67E6418E1DF0500C0D204 /* WXDailyForecast.m in Sources */ = {isa = PBXBuildFile; fileRef = CCA67E5E18E1DF0500C0D204 /* WXDailyForecast.m */; };
		CCA67E6518E1DF0500C0D204 /* WXClient.m in Sources */ = {isa = PBXBuildFile; fileRef = CCA67E6018E1DF0500C0D204 /* WXClient.m */; };
		CCA67E6718E1DF3100C0D204 /* Storyboard.storyboard in Resources */ = {isa = PBXBuildFile; fileRef = CCA67E6618E1DF3100C0D204 /* Storyboard.storyboard */; };
		CCA67E6A18E1E01000C0D204 /* PickYourClothesMainViewController.m in Sources */ = {isa = PBXBuildFile; fileRef = CCA67E6918E1E01000C0D204 /* PickYourClothesMainViewController.m */; };
		CCA67E6E18E1E6EA00C0D204 /* ZTXViewController.m in Sources */ = {isa = PBXBuildFile; fileRef = CCA67E6D18E1E6EA00C0D204 /* ZTXViewController.m */; };
/* End PBXBuildFile section */

/* Begin PBXContainerItemProxy section */
		CCA67E4218E1DE9E00C0D204 /* PBXContainerItemProxy */ = {
			isa = PBXContainerItemProxy;
			containerPortal = CCA67E1418E1DE9E00C0D204 /* Project object */;
			proxyType = 1;
			remoteGlobalIDString = CCA67E1B18E1DE9E00C0D204;
			remoteInfo = PickYourClothes;
		};
/* End PBXContainerItemProxy section */

/* Begin PBXFileReference section */
		2DBD67AD00B74321906A4AE9 /* Pods.xcconfig */ = {isa = PBXFileReference; includeInIndex = 1; lastKnownFileType = text.xcconfig; name = Pods.xcconfig; path = Pods/Pods.xcconfig; sourceTree = "<group>"; };
		668DE813480F465EB13A564B /* libPods.a */ = {isa = PBXFileReference; explicitFileType = archive.ar; includeInIndex = 0; path = libPods.a; sourceTree = BUILT_PRODUCTS_DIR; };
		CCA67E1C18E1DE9E00C0D204 /* PickYourClothes.app */ = {isa = PBXFileReference; explicitFileType = wrapper.application; includeInIndex = 0; path = PickYourClothes.app; sourceTree = BUILT_PRODUCTS_DIR; };
		CCA67E1F18E1DE9E00C0D204 /* Foundation.framework */ = {isa = PBXFileReference; lastKnownFileType = wrapper.framework; name = Foundation.framework; path = System/Library/Frameworks/Foundation.framework; sourceTree = SDKROOT; };
		CCA67E2118E1DE9E00C0D204 /* CoreGraphics.framework */ = {isa = PBXFileReference; lastKnownFileType = wrapper.framework; name = CoreGraphics.framework; path = System/Library/Frameworks/CoreGraphics.framework; sourceTree = SDKROOT; };
		CCA67E2318E1DE9E00C0D204 /* UIKit.framework */ = {isa = PBXFileReference; lastKnownFileType = wrapper.framework; name = UIKit.framework; path = System/Library/Frameworks/UIKit.framework; sourceTree = SDKROOT; };
		CCA67E2518E1DE9E00C0D204 /* CoreData.framework */ = {isa = PBXFileReference; lastKnownFileType = wrapper.framework; name = CoreData.framework; path = System/Library/Frameworks/CoreData.framework; sourceTree = SDKROOT; };
		CCA67E2918E1DE9E00C0D204 /* PickYourClothes-Info.plist */ = {isa = PBXFileReference; lastKnownFileType = text.plist.xml; path = "PickYourClothes-Info.plist"; sourceTree = "<group>"; };
		CCA67E2B18E1DE9E00C0D204 /* en */ = {isa = PBXFileReference; lastKnownFileType = text.plist.strings; name = en; path = en.lproj/InfoPlist.strings; sourceTree = "<group>"; };
		CCA67E2D18E1DE9E00C0D204 /* main.m */ = {isa = PBXFileReference; lastKnownFileType = sourcecode.c.objc; path = main.m; sourceTree = "<group>"; };
		CCA67E2F18E1DE9E00C0D204 /* PickYourClothes-Prefix.pch */ = {isa = PBXFileReference; lastKnownFileType = sourcecode.c.h; path = "PickYourClothes-Prefix.pch"; sourceTree = "<group>"; };
		CCA67E3018E1DE9E00C0D204 /* AppDelegate.h */ = {isa = PBXFileReference; lastKnownFileType = sourcecode.c.h; path = AppDelegate.h; sourceTree = "<group>"; };
		CCA67E3118E1DE9E00C0D204 /* AppDelegate.m */ = {isa = PBXFileReference; lastKnownFileType = sourcecode.c.objc; path = AppDelegate.m; sourceTree = "<group>"; };
		CCA67E3418E1DE9E00C0D204 /* PickYourClothes.xcdatamodel */ = {isa = PBXFileReference; lastKnownFileType = wrapper.xcdatamodel; path = PickYourClothes.xcdatamodel; sourceTree = "<group>"; };
		CCA67E3618E1DE9E00C0D204 /* Images.xcassets */ = {isa = PBXFileReference; lastKnownFileType = folder.assetcatalog; path = Images.xcassets; sourceTree = "<group>"; };
		CCA67E3C18E1DE9E00C0D204 /* PickYourClothesTests.xctest */ = {isa = PBXFileReference; explicitFileType = wrapper.cfbundle; includeInIndex = 0; path = PickYourClothesTests.xctest; sourceTree = BUILT_PRODUCTS_DIR; };
		CCA67E3D18E1DE9E00C0D204 /* XCTest.framework */ = {isa = PBXFileReference; lastKnownFileType = wrapper.framework; name = XCTest.framework; path = Library/Frameworks/XCTest.framework; sourceTree = DEVELOPER_DIR; };
		CCA67E4618E1DE9E00C0D204 /* PickYourClothesTests-Info.plist */ = {isa = PBXFileReference; lastKnownFileType = text.plist.xml; path = "PickYourClothesTests-Info.plist"; sourceTree = "<group>"; };
		CCA67E4818E1DE9E00C0D204 /* en */ = {isa = PBXFileReference; lastKnownFileType = text.plist.strings; name = en; path = en.lproj/InfoPlist.strings; sourceTree = "<group>"; };
		CCA67E4A18E1DE9E00C0D204 /* PickYourClothesTests.m */ = {isa = PBXFileReference; lastKnownFileType = sourcecode.c.objc; path = PickYourClothesTests.m; sourceTree = "<group>"; };
		CCA67E5718E1DF0500C0D204 /* WXCondition.h */ = {isa = PBXFileReference; fileEncoding = 4; lastKnownFileType = sourcecode.c.h; path = WXCondition.h; sourceTree = "<group>"; };
		CCA67E5818E1DF0500C0D204 /* WXCondition.m */ = {isa = PBXFileReference; fileEncoding = 4; lastKnownFileType = sourcecode.c.objc; path = WXCondition.m; sourceTree = "<group>"; };
		CCA67E5918E1DF0500C0D204 /* WXController.h */ = {isa = PBXFileReference; fileEncoding = 4; lastKnownFileType = sourcecode.c.h; path = WXController.h; sourceTree = "<group>"; };
		CCA67E5A18E1DF0500C0D204 /* WXController.m */ = {isa = PBXFileReference; fileEncoding = 4; lastKnownFileType = sourcecode.c.objc; path = WXController.m; sourceTree = "<group>"; };
		CCA67E5B18E1DF0500C0D204 /* WXManager.h */ = {isa = PBXFileReference; fileEncoding = 4; lastKnownFileType = sourcecode.c.h; path = WXManager.h; sourceTree = "<group>"; };
		CCA67E5C18E1DF0500C0D204 /* WXManager.m */ = {isa = PBXFileReference; fileEncoding = 4; lastKnownFileType = sourcecode.c.objc; path = WXManager.m; sourceTree = "<group>"; };
		CCA67E5D18E1DF0500C0D204 /* WXDailyForecast.h */ = {isa = PBXFileReference; fileEncoding = 4; lastKnownFileType = sourcecode.c.h; path = WXDailyForecast.h; sourceTree = "<group>"; };
		CCA67E5E18E1DF0500C0D204 /* WXDailyForecast.m */ = {isa = PBXFileReference; fileEncoding = 4; lastKnownFileType = sourcecode.c.objc; path = WXDailyForecast.m; sourceTree = "<group>"; };
		CCA67E5F18E1DF0500C0D204 /* WXClient.h */ = {isa = PBXFileReference; fileEncoding = 4; lastKnownFileType = sourcecode.c.h; path = WXClient.h; sourceTree = "<group>"; };
		CCA67E6018E1DF0500C0D204 /* WXClient.m */ = {isa = PBXFileReference; fileEncoding = 4; lastKnownFileType = sourcecode.c.objc; path = WXClient.m; sourceTree = "<group>"; };
		CCA67E6618E1DF3100C0D204 /* Storyboard.storyboard */ = {isa = PBXFileReference; fileEncoding = 4; lastKnownFileType = file.storyboard; path = Storyboard.storyboard; sourceTree = "<group>"; };
		CCA67E6818E1E01000C0D204 /* PickYourClothesMainViewController.h */ = {isa = PBXFileReference; fileEncoding = 4; lastKnownFileType = sourcecode.c.h; path = PickYourClothesMainViewController.h; sourceTree = "<group>"; };
		CCA67E6918E1E01000C0D204 /* PickYourClothesMainViewController.m */ = {isa = PBXFileReference; fileEncoding = 4; lastKnownFileType = sourcecode.c.objc; path = PickYourClothesMainViewController.m; sourceTree = "<group>"; };
		CCA67E6C18E1E6EA00C0D204 /* ZTXViewController.h */ = {isa = PBXFileReference; fileEncoding = 4; lastKnownFileType = sourcecode.c.h; path = ZTXViewController.h; sourceTree = "<group>"; };
		CCA67E6D18E1E6EA00C0D204 /* ZTXViewController.m */ = {isa = PBXFileReference; fileEncoding = 4; lastKnownFileType = sourcecode.c.objc; path = ZTXViewController.m; sourceTree = "<group>"; };
/* End PBXFileReference section */

/* Begin PBXFrameworksBuildPhase section */
		CCA67E1918E1DE9E00C0D204 /* Frameworks */ = {
			isa = PBXFrameworksBuildPhase;
			buildActionMask = 2147483647;
			files = (
				CCA67E2218E1DE9E00C0D204 /* CoreGraphics.framework in Frameworks */,
				CCA67E2618E1DE9E00C0D204 /* CoreData.framework in Frameworks */,
				CCA67E2418E1DE9E00C0D204 /* UIKit.framework in Frameworks */,
				CCA67E2018E1DE9E00C0D204 /* Foundation.framework in Frameworks */,
				148D3C53AB174655B1076885 /* libPods.a in Frameworks */,
			);
			runOnlyForDeploymentPostprocessing = 0;
		};
		CCA67E3918E1DE9E00C0D204 /* Frameworks */ = {
			isa = PBXFrameworksBuildPhase;
			buildActionMask = 2147483647;
			files = (
				CCA67E3E18E1DE9E00C0D204 /* XCTest.framework in Frameworks */,
				CCA67E4118E1DE9E00C0D204 /* CoreData.framework in Frameworks */,
				CCA67E4018E1DE9E00C0D204 /* UIKit.framework in Frameworks */,
				CCA67E3F18E1DE9E00C0D204 /* Foundation.framework in Frameworks */,
			);
			runOnlyForDeploymentPostprocessing = 0;
		};
/* End PBXFrameworksBuildPhase section */

/* Begin PBXGroup section */
		CCA67E1318E1DE9E00C0D204 = {
			isa = PBXGroup;
			children = (
				CCA67E2718E1DE9E00C0D204 /* PickYourClothes */,
				CCA67E4418E1DE9E00C0D204 /* PickYourClothesTests */,
				CCA67E1E18E1DE9E00C0D204 /* Frameworks */,
				CCA67E1D18E1DE9E00C0D204 /* Products */,
				2DBD67AD00B74321906A4AE9 /* Pods.xcconfig */,
			);
			sourceTree = "<group>";
		};
		CCA67E1D18E1DE9E00C0D204 /* Products */ = {
			isa = PBXGroup;
			children = (
				CCA67E1C18E1DE9E00C0D204 /* PickYourClothes.app */,
				CCA67E3C18E1DE9E00C0D204 /* PickYourClothesTests.xctest */,
			);
			name = Products;
			sourceTree = "<group>";
		};
		CCA67E1E18E1DE9E00C0D204 /* Frameworks */ = {
			isa = PBXGroup;
			children = (
				CCA67E1F18E1DE9E00C0D204 /* Foundation.framework */,
				CCA67E2118E1DE9E00C0D204 /* CoreGraphics.framework */,
				CCA67E2318E1DE9E00C0D204 /* UIKit.framework */,
				CCA67E2518E1DE9E00C0D204 /* CoreData.framework */,
				CCA67E3D18E1DE9E00C0D204 /* XCTest.framework */,
				668DE813480F465EB13A564B /* libPods.a */,
			);
			name = Frameworks;
			sourceTree = "<group>";
		};
		CCA67E2718E1DE9E00C0D204 /* PickYourClothes */ = {
			isa = PBXGroup;
			children = (
				CCA67E6618E1DF3100C0D204 /* Storyboard.storyboard */,
				CCA67E6818E1E01000C0D204 /* PickYourClothesMainViewController.h */,
				CCA67E6918E1E01000C0D204 /* PickYourClothesMainViewController.m */,
				CCA67E3018E1DE9E00C0D204 /* AppDelegate.h */,
				CCA67E3118E1DE9E00C0D204 /* AppDelegate.m */,
				CCA67E6B18E1E6CE00C0D204 /* AddPhotoCamera */,
				CCA67E5618E1DEE600C0D204 /* Weather */,
				CCA67E3618E1DE9E00C0D204 /* Images.xcassets */,
				CCA67E3318E1DE9E00C0D204 /* PickYourClothes.xcdatamodeld */,
				CCA67E2818E1DE9E00C0D204 /* Supporting Files */,
			);
			path = PickYourClothes;
			sourceTree = "<group>";
		};
		CCA67E2818E1DE9E00C0D204 /* Supporting Files */ = {
			isa = PBXGroup;
			children = (
				CCA67E2918E1DE9E00C0D204 /* PickYourClothes-Info.plist */,
				CCA67E2A18E1DE9E00C0D204 /* InfoPlist.strings */,
				CCA67E2D18E1DE9E00C0D204 /* main.m */,
				CCA67E2F18E1DE9E00C0D204 /* PickYourClothes-Prefix.pch */,
			);
			name = "Supporting Files";
			sourceTree = "<group>";
		};
		CCA67E4418E1DE9E00C0D204 /* PickYourClothesTests */ = {
			isa = PBXGroup;
			children = (
				CCA67E4A18E1DE9E00C0D204 /* PickYourClothesTests.m */,
				CCA67E4518E1DE9E00C0D204 /* Supporting Files */,
			);
			path = PickYourClothesTests;
			sourceTree = "<group>";
		};
		CCA67E4518E1DE9E00C0D204 /* Supporting Files */ = {
			isa = PBXGroup;
			children = (
				CCA67E4618E1DE9E00C0D204 /* PickYourClothesTests-Info.plist */,
				CCA67E4718E1DE9E00C0D204 /* InfoPlist.strings */,
			);
			name = "Supporting Files";
			sourceTree = "<group>";
		};
		CCA67E5618E1DEE600C0D204 /* Weather */ = {
			isa = PBXGroup;
			children = (
				CCA67E5718E1DF0500C0D204 /* WXCondition.h */,
				CCA67E5818E1DF0500C0D204 /* WXCondition.m */,
				CCA67E5918E1DF0500C0D204 /* WXController.h */,
				CCA67E5A18E1DF0500C0D204 /* WXController.m */,
				CCA67E5B18E1DF0500C0D204 /* WXManager.h */,
				CCA67E5C18E1DF0500C0D204 /* WXManager.m */,
				CCA67E5D18E1DF0500C0D204 /* WXDailyForecast.h */,
				CCA67E5E18E1DF0500C0D204 /* WXDailyForecast.m */,
				CCA67E5F18E1DF0500C0D204 /* WXClient.h */,
				CCA67E6018E1DF0500C0D204 /* WXClient.m */,
			);
			name = Weather;
			sourceTree = "<group>";
		};
		CCA67E6B18E1E6CE00C0D204 /* AddPhotoCamera */ = {
			isa = PBXGroup;
			children = (
				CCA67E6C18E1E6EA00C0D204 /* ZTXViewController.h */,
				CCA67E6D18E1E6EA00C0D204 /* ZTXViewController.m */,
			);
			name = AddPhotoCamera;
			sourceTree = "<group>";
		};
/* End PBXGroup section */

/* Begin PBXNativeTarget section */
		CCA67E1B18E1DE9E00C0D204 /* PickYourClothes */ = {
			isa = PBXNativeTarget;
			buildConfigurationList = CCA67E4E18E1DE9E00C0D204 /* Build configuration list for PBXNativeTarget "PickYourClothes" */;
			buildPhases = (
				51820AB4FB9B46BD83D5B089 /* Check Pods Manifest.lock */,
				CCA67E1818E1DE9E00C0D204 /* Sources */,
				CCA67E1918E1DE9E00C0D204 /* Frameworks */,
				CCA67E1A18E1DE9E00C0D204 /* Resources */,
				7CE47975B7A1413284657C56 /* Copy Pods Resources */,
			);
			buildRules = (
			);
			dependencies = (
			);
			name = PickYourClothes;
			productName = PickYourClothes;
			productReference = CCA67E1C18E1DE9E00C0D204 /* PickYourClothes.app */;
			productType = "com.apple.product-type.application";
		};
		CCA67E3B18E1DE9E00C0D204 /* PickYourClothesTests */ = {
			isa = PBXNativeTarget;
			buildConfigurationList = CCA67E5118E1DE9E00C0D204 /* Build configuration list for PBXNativeTarget "PickYourClothesTests" */;
			buildPhases = (
				CCA67E3818E1DE9E00C0D204 /* Sources */,
				CCA67E3918E1DE9E00C0D204 /* Frameworks */,
				CCA67E3A18E1DE9E00C0D204 /* Resources */,
			);
			buildRules = (
			);
			dependencies = (
				CCA67E4318E1DE9E00C0D204 /* PBXTargetDependency */,
			);
			name = PickYourClothesTests;
			productName = PickYourClothesTests;
			productReference = CCA67E3C18E1DE9E00C0D204 /* PickYourClothesTests.xctest */;
			productType = "com.apple.product-type.bundle.unit-test";
		};
/* End PBXNativeTarget section */

/* Begin PBXProject section */
		CCA67E1418E1DE9E00C0D204 /* Project object */ = {
			isa = PBXProject;
			attributes = {
				LastUpgradeCheck = 0510;
				ORGANIZATIONNAME = "HAO GU";
				TargetAttributes = {
					CCA67E3B18E1DE9E00C0D204 = {
						TestTargetID = CCA67E1B18E1DE9E00C0D204;
					};
				};
			};
			buildConfigurationList = CCA67E1718E1DE9E00C0D204 /* Build configuration list for PBXProject "PickYourClothes" */;
			compatibilityVersion = "Xcode 3.2";
			developmentRegion = English;
			hasScannedForEncodings = 0;
			knownRegions = (
				en,
			);
			mainGroup = CCA67E1318E1DE9E00C0D204;
			productRefGroup = CCA67E1D18E1DE9E00C0D204 /* Products */;
			projectDirPath = "";
			projectRoot = "";
			targets = (
				CCA67E1B18E1DE9E00C0D204 /* PickYourClothes */,
				CCA67E3B18E1DE9E00C0D204 /* PickYourClothesTests */,
			);
		};
/* End PBXProject section */

/* Begin PBXResourcesBuildPhase section */
		CCA67E1A18E1DE9E00C0D204 /* Resources */ = {
			isa = PBXResourcesBuildPhase;
			buildActionMask = 2147483647;
			files = (
				CCA67E2C18E1DE9E00C0D204 /* InfoPlist.strings in Resources */,
				CCA67E3718E1DE9E00C0D204 /* Images.xcassets in Resources */,
				CCA67E6718E1DF3100C0D204 /* Storyboard.storyboard in Resources */,
			);
			runOnlyForDeploymentPostprocessing = 0;
		};
		CCA67E3A18E1DE9E00C0D204 /* Resources */ = {
			isa = PBXResourcesBuildPhase;
			buildActionMask = 2147483647;
			files = (
				CCA67E4918E1DE9E00C0D204 /* InfoPlist.strings in Resources */,
			);
			runOnlyForDeploymentPostprocessing = 0;
		};
/* End PBXResourcesBuildPhase section */

/* Begin PBXShellScriptBuildPhase section */
		51820AB4FB9B46BD83D5B089 /* Check Pods Manifest.lock */ = {
			isa = PBXShellScriptBuildPhase;
			buildActionMask = 2147483647;
			files = (
			);
			inputPaths = (
			);
			name = "Check Pods Manifest.lock";
			outputPaths = (
			);
			runOnlyForDeploymentPostprocessing = 0;
			shellPath = /bin/sh;
			shellScript = "diff \"${PODS_ROOT}/../Podfile.lock\" \"${PODS_ROOT}/Manifest.lock\" > /dev/null\nif [[ $? != 0 ]] ; then\n    cat << EOM\nerror: The sandbox is not in sync with the Podfile.lock. Run 'pod install' or update your CocoaPods installation.\nEOM\n    exit 1\nfi\n";
			showEnvVarsInLog = 0;
		};
		7CE47975B7A1413284657C56 /* Copy Pods Resources */ = {
			isa = PBXShellScriptBuildPhase;
			buildActionMask = 2147483647;
			files = (
			);
			inputPaths = (
			);
			name = "Copy Pods Resources";
			outputPaths = (
			);
			runOnlyForDeploymentPostprocessing = 0;
			shellPath = /bin/sh;
			shellScript = "\"${SRCROOT}/Pods/Pods-resources.sh\"\n";
			showEnvVarsInLog = 0;
		};
/* End PBXShellScriptBuildPhase section */

/* Begin PBXSourcesBuildPhase section */
		CCA67E1818E1DE9E00C0D204 /* Sources */ = {
			isa = PBXSourcesBuildPhase;
			buildActionMask = 2147483647;
			files = (
				CCA67E6318E1DF0500C0D204 /* WXManager.m in Sources */,
				CCA67E6418E1DF0500C0D204 /* WXDailyForecast.m in Sources */,
				CCA67E3518E1DE9E00C0D204 /* PickYourClothes.xcdatamodeld in Sources */,
				CCA67E6A18E1E01000C0D204 /* PickYourClothesMainViewController.m in Sources */,
				CCA67E6518E1DF0500C0D204 /* WXClient.m in Sources */,
				CCA67E3218E1DE9E00C0D204 /* AppDelegate.m in Sources */,
				CCA67E6118E1DF0500C0D204 /* WXCondition.m in Sources */,
				CCA67E6218E1DF0500C0D204 /* WXController.m in Sources */,
				CCA67E2E18E1DE9E00C0D204 /* main.m in Sources */,
				CCA67E6E18E1E6EA00C0D204 /* ZTXViewController.m in Sources */,
			);
			runOnlyForDeploymentPostprocessing = 0;
		};
		CCA67E3818E1DE9E00C0D204 /* Sources */ = {
			isa = PBXSourcesBuildPhase;
			buildActionMask = 2147483647;
			files = (
				CCA67E4B18E1DE9E00C0D204 /* PickYourClothesTests.m in Sources */,
			);
			runOnlyForDeploymentPostprocessing = 0;
		};
/* End PBXSourcesBuildPhase section */

/* Begin PBXTargetDependency section */
		CCA67E4318E1DE9E00C0D204 /* PBXTargetDependency */ = {
			isa = PBXTargetDependency;
			target = CCA67E1B18E1DE9E00C0D204 /* PickYourClothes */;
			targetProxy = CCA67E4218E1DE9E00C0D204 /* PBXContainerItemProxy */;
		};
/* End PBXTargetDependency section */

/* Begin PBXVariantGroup section */
		CCA67E2A18E1DE9E00C0D204 /* InfoPlist.strings */ = {
			isa = PBXVariantGroup;
			children = (
				CCA67E2B18E1DE9E00C0D204 /* en */,
			);
			name = InfoPlist.strings;
			sourceTree = "<group>";
		};
		CCA67E4718E1DE9E00C0D204 /* InfoPlist.strings */ = {
			isa = PBXVariantGroup;
			children = (
				CCA67E4818E1DE9E00C0D204 /* en */,
			);
			name = InfoPlist.strings;
			sourceTree = "<group>";
		};
/* End PBXVariantGroup section */

/* Begin XCBuildConfiguration section */
		CCA67E4C18E1DE9E00C0D204 /* Debug */ = {
			isa = XCBuildConfiguration;
			buildSettings = {
				ALWAYS_SEARCH_USER_PATHS = NO;
				CLANG_CXX_LANGUAGE_STANDARD = "gnu++0x";
				CLANG_CXX_LIBRARY = "libc++";
				CLANG_ENABLE_MODULES = YES;
				CLANG_ENABLE_OBJC_ARC = YES;
				CLANG_WARN_BOOL_CONVERSION = YES;
				CLANG_WARN_CONSTANT_CONVERSION = YES;
				CLANG_WARN_DIRECT_OBJC_ISA_USAGE = YES_ERROR;
				CLANG_WARN_EMPTY_BODY = YES;
				CLANG_WARN_ENUM_CONVERSION = YES;
				CLANG_WARN_INT_CONVERSION = YES;
				CLANG_WARN_OBJC_ROOT_CLASS = YES_ERROR;
				CLANG_WARN__DUPLICATE_METHOD_MATCH = YES;
				"CODE_SIGN_IDENTITY[sdk=iphoneos*]" = "iPhone Developer";
				COPY_PHASE_STRIP = NO;
				GCC_C_LANGUAGE_STANDARD = gnu99;
				GCC_DYNAMIC_NO_PIC = NO;
				GCC_OPTIMIZATION_LEVEL = 0;
				GCC_PREPROCESSOR_DEFINITIONS = (
					"DEBUG=1",
					"$(inherited)",
				);
				GCC_SYMBOLS_PRIVATE_EXTERN = NO;
				GCC_WARN_64_TO_32_BIT_CONVERSION = YES;
				GCC_WARN_ABOUT_RETURN_TYPE = YES_ERROR;
				GCC_WARN_UNDECLARED_SELECTOR = YES;
				GCC_WARN_UNINITIALIZED_AUTOS = YES_AGGRESSIVE;
				GCC_WARN_UNUSED_FUNCTION = YES;
				GCC_WARN_UNUSED_VARIABLE = YES;
				IPHONEOS_DEPLOYMENT_TARGET = 7.1;
				ONLY_ACTIVE_ARCH = YES;
				SDKROOT = iphoneos;
			};
			name = Debug;
		};
		CCA67E4D18E1DE9E00C0D204 /* Release */ = {
			isa = XCBuildConfiguration;
			buildSettings = {
				ALWAYS_SEARCH_USER_PATHS = NO;
				CLANG_CXX_LANGUAGE_STANDARD = "gnu++0x";
				CLANG_CXX_LIBRARY = "libc++";
				CLANG_ENABLE_MODULES = YES;
				CLANG_ENABLE_OBJC_ARC = YES;
				CLANG_WARN_BOOL_CONVERSION = YES;
				CLANG_WARN_CONSTANT_CONVERSION = YES;
				CLANG_WARN_DIRECT_OBJC_ISA_USAGE = YES_ERROR;
				CLANG_WARN_EMPTY_BODY = YES;
				CLANG_WARN_ENUM_CONVERSION = YES;
				CLANG_WARN_INT_CONVERSION = YES;
				CLANG_WARN_OBJC_ROOT_CLASS = YES_ERROR;
				CLANG_WARN__DUPLICATE_METHOD_MATCH = YES;
				"CODE_SIGN_IDENTITY[sdk=iphoneos*]" = "iPhone Developer";
				COPY_PHASE_STRIP = YES;
				ENABLE_NS_ASSERTIONS = NO;
				GCC_C_LANGUAGE_STANDARD = gnu99;
				GCC_WARN_64_TO_32_BIT_CONVERSION = YES;
				GCC_WARN_ABOUT_RETURN_TYPE = YES_ERROR;
				GCC_WARN_UNDECLARED_SELECTOR = YES;
				GCC_WARN_UNINITIALIZED_AUTOS = YES_AGGRESSIVE;
				GCC_WARN_UNUSED_FUNCTION = YES;
				GCC_WARN_UNUSED_VARIABLE = YES;
				IPHONEOS_DEPLOYMENT_TARGET = 7.1;
				SDKROOT = iphoneos;
				VALIDATE_PRODUCT = YES;
			};
			name = Release;
		};
		CCA67E4F18E1DE9E00C0D204 /* Debug */ = {
			isa = XCBuildConfiguration;
			baseConfigurationReference = 2DBD67AD00B74321906A4AE9 /* Pods.xcconfig */;
			buildSettings = {
				ASSETCATALOG_COMPILER_APPICON_NAME = AppIcon;
				ASSETCATALOG_COMPILER_LAUNCHIMAGE_NAME = LaunchImage;
				GCC_PRECOMPILE_PREFIX_HEADER = YES;
				GCC_PREFIX_HEADER = "PickYourClothes/PickYourClothes-Prefix.pch";
				INFOPLIST_FILE = "PickYourClothes/PickYourClothes-Info.plist";
				PRODUCT_NAME = "$(TARGET_NAME)";
				WRAPPER_EXTENSION = app;
			};
			name = Debug;
		};
		CCA67E5018E1DE9E00C0D204 /* Release */ = {
			isa = XCBuildConfiguration;
			baseConfigurationReference = 2DBD67AD00B74321906A4AE9 /* Pods.xcconfig */;
			buildSettings = {
				ASSETCATALOG_COMPILER_APPICON_NAME = AppIcon;
				ASSETCATALOG_COMPILER_LAUNCHIMAGE_NAME = LaunchImage;
				GCC_PRECOMPILE_PREFIX_HEADER = YES;
				GCC_PREFIX_HEADER = "PickYourClothes/PickYourClothes-Prefix.pch";
				INFOPLIST_FILE = "PickYourClothes/PickYourClothes-Info.plist";
				PRODUCT_NAME = "$(TARGET_NAME)";
				WRAPPER_EXTENSION = app;
			};
			name = Release;
		};
		CCA67E5218E1DE9E00C0D204 /* Debug */ = {
			isa = XCBuildConfiguration;
			buildSettings = {
				BUNDLE_LOADER = "$(BUILT_PRODUCTS_DIR)/PickYourClothes.app/PickYourClothes";
				FRAMEWORK_SEARCH_PATHS = (
					"$(SDKROOT)/Developer/Library/Frameworks",
					"$(inherited)",
					"$(DEVELOPER_FRAMEWORKS_DIR)",
				);
				GCC_PRECOMPILE_PREFIX_HEADER = YES;
				GCC_PREFIX_HEADER = "PickYourClothes/PickYourClothes-Prefix.pch";
				GCC_PREPROCESSOR_DEFINITIONS = (
					"DEBUG=1",
					"$(inherited)",
				);
				INFOPLIST_FILE = "PickYourClothesTests/PickYourClothesTests-Info.plist";
				PRODUCT_NAME = "$(TARGET_NAME)";
				TEST_HOST = "$(BUNDLE_LOADER)";
				WRAPPER_EXTENSION = xctest;
			};
			name = Debug;
		};
		CCA67E5318E1DE9E00C0D204 /* Release */ = {
			isa = XCBuildConfiguration;
			buildSettings = {
				BUNDLE_LOADER = "$(BUILT_PRODUCTS_DIR)/PickYourClothes.app/PickYourClothes";
				FRAMEWORK_SEARCH_PATHS = (
					"$(SDKROOT)/Developer/Library/Frameworks",
					"$(inherited)",
					"$(DEVELOPER_FRAMEWORKS_DIR)",
				);
				GCC_PRECOMPILE_PREFIX_HEADER = YES;
				GCC_PREFIX_HEADER = "PickYourClothes/PickYourClothes-Prefix.pch";
				INFOPLIST_FILE = "PickYourClothesTests/PickYourClothesTests-Info.plist";
				PRODUCT_NAME = "$(TARGET_NAME)";
				TEST_HOST = "$(BUNDLE_LOADER)";
				WRAPPER_EXTENSION = xctest;
			};
			name = Release;
		};
/* End XCBuildConfiguration section */

/* Begin XCConfigurationList section */
		CCA67E1718E1DE9E00C0D204 /* Build configuration list for PBXProject "PickYourClothes" */ = {
			isa = XCConfigurationList;
			buildConfigurations = (
				CCA67E4C18E1DE9E00C0D204 /* Debug */,
				CCA67E4D18E1DE9E00C0D204 /* Release */,
			);
			defaultConfigurationIsVisible = 0;
			defaultConfigurationName = Release;
		};
		CCA67E4E18E1DE9E00C0D204 /* Build configuration list for PBXNativeTarget "PickYourClothes" */ = {
			isa = XCConfigurationList;
			buildConfigurations = (
				CCA67E4F18E1DE9E00C0D204 /* Debug */,
				CCA67E5018E1DE9E00C0D204 /* Release */,
			);
			defaultConfigurationIsVisible = 0;
			defaultConfigurationName = Release;
		};
		CCA67E5118E1DE9E00C0D204 /* Build configuration list for PBXNativeTarget "PickYourClothesTests" */ = {
			isa = XCConfigurationList;
			buildConfigurations = (
				CCA67E5218E1DE9E00C0D204 /* Debug */,
				CCA67E5318E1DE9E00C0D204 /* Release */,
			);
			defaultConfigurationIsVisible = 0;
			defaultConfigurationName = Release;
		};
/* End XCConfigurationList section */

/* Begin XCVersionGroup section */
		CCA67E3318E1DE9E00C0D204 /* PickYourClothes.xcdatamodeld */ = {
			isa = XCVersionGroup;
			children = (
				CCA67E3418E1DE9E00C0D204 /* PickYourClothes.xcdatamodel */,
			);
			currentVersion = CCA67E3418E1DE9E00C0D204 /* PickYourClothes.xcdatamodel */;
			path = PickYourClothes.xcdatamodeld;
			sourceTree = "<group>";
			versionGroupType = wrapper.xcdatamodel;
		};
/* End XCVersionGroup section */
	};
	rootObject = CCA67E1418E1DE9E00C0D204 /* Project object */;
}
